version = 1
revision = 2
requires-python = ">=3.12"

[[package]]
name = "course2md-dev"
version = "0.0.0"
source = { virtual = "." }
dependencies = [
    { name = "dmgbuild", marker = "sys_platform == 'darwin'" },
    { name = "pefile", marker = "sys_platform == 'win32'" },
]

[package.metadata]
requires-dist = [
    { name = "dmgbuild", marker = "sys_platform == 'darwin'", specifier = "==1.6.7" },
    { name = "pefile", marker = "sys_platform == 'win32'", specifier = "==2024.8.26" },
]

[[package]]
name = "dmgbuild"
version = "1.6.7"
source = { registry = "https://mirrors.aliyun.com/pypi/simple/" }
dependencies = [
    { name = "ds-store" },
    { name = "mac-alias" },
]
sdist = { url = "https://mirrors.aliyun.com/pypi/packages/a7/a5/f4dbd63c96902de8f2427a82518aaeedac0006587409294e55a14e45f367/dmgbuild-1.6.7.tar.gz", hash = "sha256:676b17acd448899f6d4a83b2184e0657480444ecb6ac9c4922889efad9e5dbfb" }
wheels = [
    { url = "https://mirrors.aliyun.com/pypi/packages/6c/4a/8812638bba991a55a4b670806ab9cf60207077401893bb308eb1b04f288c/dmgbuild-1.6.7-py3-none-any.whl", hash = "sha256:37ee5771c377beb3203d9164aae8046ffed8531c06edf9227f5788b3c599b1bf" },
]

[[package]]
name = "ds-store"
version = "1.3.3"
source = { registry = "https://mirrors.aliyun.com/pypi/simple/" }
dependencies = [
    { name = "mac-alias" },
]
sdist = { url = "https://mirrors.aliyun.com/pypi/packages/65/88/6b56e5648599959735be58281b15e6955c735b759e475a72236f85e28ffe/ds_store-1.3.3.tar.gz", hash = "sha256:a7380896ea1e880f7ba07c5cdc24bd1530fb86836cad0be531f3e80e2d721ac5" }
wheels = [
    { url = "https://mirrors.aliyun.com/pypi/packages/66/c0/718a4132306ff8ff052f2c40595f45595993b480409400d55b07f3842d45/ds_store-1.3.3-py3-none-any.whl", hash = "sha256:b92a371efbf1b4ccce2a04d1ed13fceacc4736c81ba09cf5aefb74c088160a35" },
]

[[package]]
name = "mac-alias"
version = "2.2.3"
source = { registry = "https://mirrors.aliyun.com/pypi/simple/" }
sdist = { url = "https://mirrors.aliyun.com/pypi/packages/fb/c9/2c28b2ea968a6bbc4327c0360b746fda3757cb11cf287d00078cf81a27e2/mac_alias-2.2.3.tar.gz", hash = "sha256:1c7fa367687d66979f2ce4d1a8b2716cf1c9fb811741cab3cf3ca356555c2beb" }
wheels = [
    { url = "https://mirrors.aliyun.com/pypi/packages/13/20/103f4e4a6e8a524ea92eee7d938c6133d0b129aa999a50f8648ad126c728/mac_alias-2.2.3-py3-none-any.whl", hash = "sha256:7362b521d2132ef92f606a37abfed5fcd849ceb2f28b6f9743e014b02af92f0d" },
]

[[package]]
name = "pefile"
version = "2024.8.26"
source = { registry = "https://mirrors.aliyun.com/pypi/simple/" }
sdist = { url = "https://mirrors.aliyun.com/pypi/packages/03/4f/2750f7f6f025a1507cd3b7218691671eecfd0bbebebe8b39aa0fe1d360b8/pefile-2024.8.26.tar.gz", hash = "sha256:3ff6c5d8b43e8c37bb6e6dd5085658d658a7a0bdcd20b6a07b1fcfc1c4e9d632" }
wheels = [
    { url = "https://mirrors.aliyun.com/pypi/packages/54/16/12b82f791c7f50ddec566873d5bdd245baa1491bac11d15ffb98aecc8f8b/pefile-2024.8.26-py3-none-any.whl", hash = "sha256:76f8b485dcd3b1bb8166f1128d395fa3d87af26360c2358fb75b80019b957c6f" },
]
